// !$*UTF8*$!
{
	archiveVersion = 1;
	classes = {};
	objectVersion = 56;
	objects = {

/* Begin PBXBuildFile section */
		300000000000000000000001 /* main.swift in Sources */ = {isa = PBXBuildFile; fileRef = 100000000000000000000001 /* main.swift */; };
		300000000000000000000002 /* AppDelegate.swift in Sources */ = {isa = PBXBuildFile; fileRef = 100000000000000000000002 /* AppDelegate.swift */; };
		300000000000000000000003 /* Models.swift in Sources */ = {isa = PBXBuildFile; fileRef = 100000000000000000000003 /* Models.swift */; };
		300000000000000000000004 /* JZM5Driver.swift in Sources */ = {isa = PBXBuildFile; fileRef = 100000000000000000000004 /* JZM5Driver.swift */; };
		300000000000000000000005 /* KeychronDriver.swift in Sources */ = {isa = PBXBuildFile; fileRef = 100000000000000000000005 /* KeychronDriver.swift */; };
		300000000000000000000006 /* HIDDeviceAccess.swift in Sources */ = {isa = PBXBuildFile; fileRef = 100000000000000000000006 /* HIDDeviceAccess.swift */; };
		300000000000000000000008 /* PowerSource.swift in Sources */ = {isa = PBXBuildFile; fileRef = 100000000000000000000008 /* PowerSource.swift */; };
		300000000000000000000009 /* AppKit.framework in Frameworks */ = {isa = PBXBuildFile; fileRef = 200000000000000000000001 /* AppKit.framework */; };
		30000000000000000000000A /* IOKit.framework in Frameworks */ = {isa = PBXBuildFile; fileRef = 200000000000000000000002 /* IOKit.framework */; };
		30000000000000000000000B /* CoreFoundation.framework in Frameworks */ = {isa = PBXBuildFile; fileRef = 200000000000000000000003 /* CoreFoundation.framework */; };
		30000000000000000000000D /* ServiceManagement.framework in Frameworks */ = {isa = PBXBuildFile; fileRef = 200000000000000000000005 /* ServiceManagement.framework */; };
		30000000000000000000000E /* DeviceBatteryIntent.swift in Sources */ = {isa = PBXBuildFile; fileRef = 10000000000000000000000B /* DeviceBatteryIntent.swift */; };
		30000000000000000000000F /* AppIntents.framework in Frameworks */ = {isa = PBXBuildFile; fileRef = 200000000000000000000006 /* AppIntents.framework */; };
/* End PBXBuildFile section */

/* Begin PBXFileReference section */
		100000000000000000000001 /* main.swift */ = {isa = PBXFileReference; lastKnownFileType = sourcecode.swift; path = main.swift; sourceTree = "<group>"; };
		100000000000000000000002 /* AppDelegate.swift */ = {isa = PBXFileReference; lastKnownFileType = sourcecode.swift; path = AppDelegate.swift; sourceTree = "<group>"; };
		100000000000000000000003 /* Models.swift */ = {isa = PBXFileReference; lastKnownFileType = sourcecode.swift; path = Models.swift; sourceTree = "<group>"; };
		100000000000000000000004 /* JZM5Driver.swift */ = {isa = PBXFileReference; lastKnownFileType = sourcecode.swift; path = JZM5Driver.swift; sourceTree = "<group>"; };
		100000000000000000000005 /* KeychronDriver.swift */ = {isa = PBXFileReference; lastKnownFileType = sourcecode.swift; path = KeychronDriver.swift; sourceTree = "<group>"; };
		100000000000000000000006 /* HIDDeviceAccess.swift */ = {isa = PBXFileReference; lastKnownFileType = sourcecode.swift; path = HIDDeviceAccess.swift; sourceTree = "<group>"; };
		100000000000000000000008 /* PowerSource.swift */ = {isa = PBXFileReference; lastKnownFileType = sourcecode.swift; path = PowerSource.swift; sourceTree = "<group>"; };
		100000000000000000000009 /* Info.plist */ = {isa = PBXFileReference; lastKnownFileType = text.plist.xml; path = Info.plist; sourceTree = "<group>"; };
		10000000000000000000000A /* PowerLeft.app */ = {isa = PBXFileReference; explicitFileType = wrapper.application; includeInIndex = 0; path = PowerLeft.app; sourceTree = BUILT_PRODUCTS_DIR; };
		10000000000000000000000B /* DeviceBatteryIntent.swift */ = {isa = PBXFileReference; lastKnownFileType = sourcecode.swift; path = DeviceBatteryIntent.swift; sourceTree = "<group>"; };
		200000000000000000000001 /* AppKit.framework */ = {isa = PBXFileReference; lastKnownFileType = wrapper.framework; name = AppKit.framework; path = System/Library/Frameworks/AppKit.framework; sourceTree = SDKROOT; };
		200000000000000000000002 /* IOKit.framework */ = {isa = PBXFileReference; lastKnownFileType = wrapper.framework; name = IOKit.framework; path = System/Library/Frameworks/IOKit.framework; sourceTree = SDKROOT; };
		200000000000000000000003 /* CoreFoundation.framework */ = {isa = PBXFileReference; lastKnownFileType = wrapper.framework; name = CoreFoundation.framework; path = System/Library/Frameworks/CoreFoundation.framework; sourceTree = SDKROOT; };
		200000000000000000000005 /* ServiceManagement.framework */ = {isa = PBXFileReference; lastKnownFileType = wrapper.framework; name = ServiceManagement.framework; path = System/Library/Frameworks/ServiceManagement.framework; sourceTree = SDKROOT; };
		200000000000000000000006 /* AppIntents.framework */ = {isa = PBXFileReference; lastKnownFileType = wrapper.framework; name = AppIntents.framework; path = System/Library/Frameworks/AppIntents.framework; sourceTree = SDKROOT; };
/* End PBXFileReference section */

/* Begin PBXFrameworksBuildPhase section */
		600000000000000000000002 /* Frameworks */ = {
			isa = PBXFrameworksBuildPhase;
			buildActionMask = 2147483647;
			files = (
				300000000000000000000009 /* AppKit.framework in Frameworks */,
				30000000000000000000000A /* IOKit.framework in Frameworks */,
				30000000000000000000000B /* CoreFoundation.framework in Frameworks */,
				30000000000000000000000D /* ServiceManagement.framework in Frameworks */,
				30000000000000000000000F /* AppIntents.framework in Frameworks */,
			);
			runOnlyForDeploymentPostprocessing = 0;
		};
/* End PBXFrameworksBuildPhase section */

/* Begin PBXGroup section */
		400000000000000000000001 = {
			isa = PBXGroup;
			children = (
				400000000000000000000002 /* PowerLeft */,
				400000000000000000000007 /* Frameworks */,
				400000000000000000000008 /* Products */,
			);
			sourceTree = "<group>";
		};
		400000000000000000000002 /* PowerLeft */ = {
			isa = PBXGroup;
			children = (
				400000000000000000000003 /* App */,
				400000000000000000000004 /* Models */,
				400000000000000000000005 /* Drivers */,
				400000000000000000000006 /* Services */,
				400000000000000000000009 /* Resources */,
			);
			path = PowerLeft;
			sourceTree = "<group>";
		};
		400000000000000000000003 /* App */ = {
			isa = PBXGroup;
			children = (
				100000000000000000000001 /* main.swift */,
				100000000000000000000002 /* AppDelegate.swift */,
				10000000000000000000000B /* DeviceBatteryIntent.swift */,
			);
			path = App;
			sourceTree = "<group>";
		};
		400000000000000000000004 /* Models */ = {
			isa = PBXGroup;
			children = (
				100000000000000000000003 /* Models.swift */,
			);
			path = Models;
			sourceTree = "<group>";
		};
		400000000000000000000005 /* Drivers */ = {
			isa = PBXGroup;
			children = (
				100000000000000000000004 /* JZM5Driver.swift */,
				100000000000000000000005 /* KeychronDriver.swift */,
			);
			path = Drivers;
			sourceTree = "<group>";
		};
		400000000000000000000006 /* Services */ = {
			isa = PBXGroup;
			children = (
				100000000000000000000006 /* HIDDeviceAccess.swift */,
				100000000000000000000008 /* PowerSource.swift */,
			);
			path = Services;
			sourceTree = "<group>";
		};
		400000000000000000000007 /* Frameworks */ = {
			isa = PBXGroup;
			children = (
				200000000000000000000001 /* AppKit.framework */,
				200000000000000000000002 /* IOKit.framework */,
				200000000000000000000003 /* CoreFoundation.framework */,
				200000000000000000000005 /* ServiceManagement.framework */,
				200000000000000000000006 /* AppIntents.framework */,
			);
			name = Frameworks;
			sourceTree = "<group>";
		};
		400000000000000000000008 /* Products */ = {
			isa = PBXGroup;
			children = (
				10000000000000000000000A /* PowerLeft.app */,
			);
			name = Products;
			sourceTree = "<group>";
		};
		400000000000000000000009 /* Resources */ = {
			isa = PBXGroup;
			children = (
				100000000000000000000009 /* Info.plist */,
			);
			path = Resources;
			sourceTree = "<group>";
		};
/* End PBXGroup section */

/* Begin PBXNativeTarget section */
		500000000000000000000001 /* PowerLeft */ = {
			isa = PBXNativeTarget;
			buildConfigurationList = 800000000000000000000001 /* Build configuration list for PBXNativeTarget "PowerLeft" */;
			buildPhases = (
				600000000000000000000001 /* Sources */,
				600000000000000000000002 /* Frameworks */,
				600000000000000000000003 /* Resources */,
			);
			buildRules = ();
			dependencies = ();
			name = PowerLeft;
			productName = PowerLeft;
			productReference = 10000000000000000000000A /* PowerLeft.app */;
			productType = "com.apple.product-type.application";
		};
/* End PBXNativeTarget section */

/* Begin PBXProject section */
		500000000000000000000002 /* Project object */ = {
			isa = PBXProject;
			attributes = {
				BuildIndependentTargetsInParallel = 1;
				LastSwiftUpdateCheck = 2650;
				LastUpgradeCheck = 2650;
				TargetAttributes = {
					500000000000000000000001 = {
						CreatedOnToolsVersion = 26.5;
					};
				};
			};
			buildConfigurationList = 800000000000000000000002 /* Build configuration list for PBXProject "PowerLeft" */;
			compatibilityVersion = "Xcode 14.0";
			developmentRegion = en;
			hasScannedForEncodings = 0;
			knownRegions = (
				en,
				Base,
			);
			mainGroup = 400000000000000000000001;
			productRefGroup = 400000000000000000000008 /* Products */;
			projectDirPath = "";
			projectRoot = "";
			targets = (
				500000000000000000000001 /* PowerLeft */,
			);
		};
/* End PBXProject section */

/* Begin PBXResourcesBuildPhase section */
		600000000000000000000003 /* Resources */ = {
			isa = PBXResourcesBuildPhase;
			buildActionMask = 2147483647;
			files = ();
			runOnlyForDeploymentPostprocessing = 0;
		};
/* End PBXResourcesBuildPhase section */

/* Begin PBXSourcesBuildPhase section */
		600000000000000000000001 /* Sources */ = {
			isa = PBXSourcesBuildPhase;
			buildActionMask = 2147483647;
			files = (
				300000000000000000000001 /* main.swift in Sources */,
				300000000000000000000002 /* AppDelegate.swift in Sources */,
				300000000000000000000003 /* Models.swift in Sources */,
				300000000000000000000004 /* JZM5Driver.swift in Sources */,
				300000000000000000000005 /* KeychronDriver.swift in Sources */,
				300000000000000000000006 /* HIDDeviceAccess.swift in Sources */,
				300000000000000000000008 /* PowerSource.swift in Sources */,
				30000000000000000000000E /* DeviceBatteryIntent.swift in Sources */,
			);
			runOnlyForDeploymentPostprocessing = 0;
		};
/* End PBXSourcesBuildPhase section */

/* Begin XCBuildConfiguration section */
		700000000000000000000001 /* Debug */ = {
			isa = XCBuildConfiguration;
			buildSettings = {
				ASSETCATALOG_COMPILER_GENERATE_SWIFT_ASSET_SYMBOL_EXTENSIONS = YES;
				CODE_SIGN_STYLE = Automatic;
				COMBINE_HIDPI_IMAGES = YES;
				CURRENT_PROJECT_VERSION = 3;
				GENERATE_INFOPLIST_FILE = NO;
				INFOPLIST_FILE = PowerLeft/Resources/Info.plist;
				LD_RUNPATH_SEARCH_PATHS = "$(inherited) @executable_path/../Frameworks";
				MACOSX_DEPLOYMENT_TARGET = 13.0;
				MARKETING_VERSION = 1.1.0;
				PRODUCT_BUNDLE_IDENTIFIER = com.ourongxing.powerleft;
				PRODUCT_NAME = "$(TARGET_NAME)";
				SWIFT_VERSION = 5.0;
			};
			name = Debug;
		};
		700000000000000000000002 /* Release */ = {
			isa = XCBuildConfiguration;
			buildSettings = {
				ASSETCATALOG_COMPILER_GENERATE_SWIFT_ASSET_SYMBOL_EXTENSIONS = YES;
				CODE_SIGN_STYLE = Automatic;
				COMBINE_HIDPI_IMAGES = YES;
				CURRENT_PROJECT_VERSION = 3;
				GENERATE_INFOPLIST_FILE = NO;
				INFOPLIST_FILE = PowerLeft/Resources/Info.plist;
				LD_RUNPATH_SEARCH_PATHS = "$(inherited) @executable_path/../Frameworks";
				MACOSX_DEPLOYMENT_TARGET = 13.0;
				MARKETING_VERSION = 1.1.0;
				PRODUCT_BUNDLE_IDENTIFIER = com.ourongxing.powerleft;
				PRODUCT_NAME = "$(TARGET_NAME)";
				SWIFT_COMPILATION_MODE = wholemodule;
				SWIFT_VERSION = 5.0;
			};
			name = Release;
		};
		700000000000000000000003 /* Debug */ = {
			isa = XCBuildConfiguration;
			buildSettings = {
				ALWAYS_SEARCH_USER_PATHS = NO;
				CLANG_ENABLE_MODULES = YES;
				CLANG_ENABLE_OBJC_ARC = YES;
				COPY_PHASE_STRIP = NO;
				DEBUG_INFORMATION_FORMAT = dwarf;
				ENABLE_TESTABILITY = YES;
				GCC_C_LANGUAGE_STANDARD = gnu17;
				MACOSX_DEPLOYMENT_TARGET = 13.0;
				ONLY_ACTIVE_ARCH = YES;
				SDKROOT = macosx;
				SWIFT_ACTIVE_COMPILATION_CONDITIONS = DEBUG;
				SWIFT_OPTIMIZATION_LEVEL = "-Onone";
			};
			name = Debug;
		};
		700000000000000000000004 /* Release */ = {
			isa = XCBuildConfiguration;
			buildSettings = {
				ALWAYS_SEARCH_USER_PATHS = NO;
				CLANG_ENABLE_MODULES = YES;
				CLANG_ENABLE_OBJC_ARC = YES;
				COPY_PHASE_STRIP = YES;
				DEBUG_INFORMATION_FORMAT = "dwarf-with-dsym";
				GCC_C_LANGUAGE_STANDARD = gnu17;
				MACOSX_DEPLOYMENT_TARGET = 13.0;
				SDKROOT = macosx;
				SWIFT_COMPILATION_MODE = wholemodule;
			};
			name = Release;
		};
/* End XCBuildConfiguration section */

/* Begin XCConfigurationList section */
		800000000000000000000001 /* Build configuration list for PBXNativeTarget "PowerLeft" */ = {
			isa = XCConfigurationList;
			buildConfigurations = (
				700000000000000000000001 /* Debug */,
				700000000000000000000002 /* Release */,
			);
			defaultConfigurationIsVisible = 0;
			defaultConfigurationName = Release;
		};
		800000000000000000000002 /* Build configuration list for PBXProject "PowerLeft" */ = {
			isa = XCConfigurationList;
			buildConfigurations = (
				700000000000000000000003 /* Debug */,
				700000000000000000000004 /* Release */,
			);
			defaultConfigurationIsVisible = 0;
			defaultConfigurationName = Release;
		};
/* End XCConfigurationList section */
	};
	rootObject = 500000000000000000000002 /* Project object */;
}
